
Microsoft Visual Studio Solution File, Format Version 12.00
# Visual Studio Version 17
VisualStudioVersion = 17.2.32616.157
MinimumVisualStudioVersion = 10.0.40219.1
Project("{FAE04EC0-301F-11D3-BF4B-00C04F79EFBC}") = "TestAppLab6", "TestAppLab6\TestAppLab6.csproj", "{779202B8-404F-4423-A746-BCC3DC4F8796}"
EndProject
Global
	GlobalSection(SolutionConfigurationPlatforms) = preSolution
		Debug|Any CPU = Debug|Any CPU
		Release|Any CPU = Release|Any CPU
	EndGlobalSection
	GlobalSection(ProjectConfigurationPlatforms) = postSolution
		{779202B8-404F-4423-A746-BCC3DC4F8796}.Debug|Any CPU.ActiveCfg = Debug|Any CPU
		{779202B8-404F-4423-A746-BCC3DC4F8796}.Debug|Any CPU.Build.0 = Debug|Any CPU
		{779202B8-404F-4423-A746-BCC3DC4F8796}.Release|Any CPU.ActiveCfg = Release|Any CPU
		{779202B8-404F-4423-A746-BCC3DC4F8796}.Release|Any CPU.Build.0 = Release|Any CPU
	EndGlobalSection
	GlobalSection(SolutionProperties) = preSolution
		HideSolutionNode = FALSE
	EndGlobalSection
	GlobalSection(ExtensibilityGlobals) = postSolution
		SolutionGuid = {D67EBFF8-7321-4673-AF16-B5CE674A251C}
	EndGlobalSection
EndGlobal
